
Microsoft Visual Studio Solution File, Format Version 12.00
# Visual Studio Version 17
VisualStudioVersion = 17.14.36511.14
MinimumVisualStudioVersion = 10.0.40219.1
Project("{9A19103F-16F7-4668-BE54-9A1E7A4F7556}") = "DynamicProgramming", "DynamicProgramming\DynamicProgramming.csproj", "{F6DE3E01-0616-4C81-AFD6-09D16DC5B195}"
EndProject
Project("{9A19103F-16F7-4668-BE54-9A1E7A4F7556}") = "Interview", "Interview\Interview.csproj", "{06280B95-2FBA-425D-BCC1-39F2BD75F086}"
EndProject
Project("{9A19103F-16F7-4668-BE54-9A1E7A4F7556}") = "DesignPatterns", "DesignPatterns\DesignPatterns.csproj", "{A31C661B-CECC-4F95-AB5F-935F420E6A21}"
EndProject
Project("{9A19103F-16F7-4668-BE54-9A1E7A4F7556}") = "SQLPractice", "SQLPractice\SQLPractice.csproj", "{2D860655-B32D-415E-AE8E-EF1CB1B9F40D}"
EndProject
Project("{54A90642-561A-4BB1-A94E-469ADEE60C69}") = "fullstackreactwebapp.client", "FullstackReactWebApp\fullstackreactwebapp.client\fullstackreactwebapp.client.esproj", "{33C93809-A3BA-A53E-1638-3EAFD87B3243}"
EndProject
Project("{FAE04EC0-301F-11D3-BF4B-00C04F79EFBC}") = "FullstackReactWebApp.Server", "FullstackReactWebApp\FullstackReactWebApp.Server\FullstackReactWebApp.Server.csproj", "{F29EDA9A-B0E6-4813-8E03-5E4A4BDF4318}"
EndProject
Project("{FAE04EC0-301F-11D3-BF4B-00C04F79EFBC}") = "BinaryClassification", "BinaryClassification\BinaryClassification.csproj", "{E8B3A6D0-6CD9-4031-88B9-056B89FAF96D}"
EndProject
Project("{FAE04EC0-301F-11D3-BF4B-00C04F79EFBC}") = "DotNetSparkCSV", "DotNetSparkCSV\DotNetSparkCSV.csproj", "{B610B2DB-C0A9-4792-B651-94482F185A6E}"
EndProject
Project("{FAE04EC0-301F-11D3-BF4B-00C04F79EFBC}") = "SentimentAnalysisDemo", "SentimentAnalysisDemo\SentimentAnalysisDemo.csproj", "{C21429B6-3CC0-4485-9B08-78F512970707}"
EndProject
Project("{FAE04EC0-301F-11D3-BF4B-00C04F79EFBC}") = "DotnetKafka", "DotnetKafka\DotnetKafka.csproj", "{A140E3AA-8748-4F04-921F-8425E8F65A5F}"
EndProject
Project("{2150E333-8FDC-42A3-9474-1A3956D46DE8}") = "OpenTelemetry", "OpenTelemetry", "{02EA681E-C7D8-13C7-8484-4AC65E1B71E8}"
	ProjectSection(SolutionItems) = preProject
		OpenTelemetry\docker-compose.yml = OpenTelemetry\docker-compose.yml
		OpenTelemetry\Readme.txt = OpenTelemetry\Readme.txt
	EndProjectSection
EndProject
Project("{FAE04EC0-301F-11D3-BF4B-00C04F79EFBC}") = "ServiceB", "OpenTelemetry\ServiceB\ServiceB.csproj", "{69732749-42F4-411C-9AFD-0E092CB5615B}"
EndProject
Project("{FAE04EC0-301F-11D3-BF4B-00C04F79EFBC}") = "ServiceA", "OpenTelemetry\ServiceA\ServiceA.csproj", "{A93E408F-0861-C599-4CA6-01CC9BAFEF9A}"
EndProject
Project("{2150E333-8FDC-42A3-9474-1A3956D46DE8}") = "otel-config", "otel-config", "{568F30BF-0D50-49DF-BAAA-415B49334712}"
	ProjectSection(SolutionItems) = preProject
		OpenTelemetry\otel-config\otel-collector-config.yaml = OpenTelemetry\otel-config\otel-collector-config.yaml
	EndProjectSection
EndProject
Project("{2150E333-8FDC-42A3-9474-1A3956D46DE8}") = "OpenTelemetrySkyWalker", "OpenTelemetrySkyWalker", "{DA7DC945-04E8-4980-A5F4-0744DEE3B54A}"
	ProjectSection(SolutionItems) = preProject
		docker-compose.yml = docker-compose.yml
	EndProjectSection
EndProject
Project("{2150E333-8FDC-42A3-9474-1A3956D46DE8}") = "otel-config", "otel-config", "{8DA36157-18F7-458E-AC21-35402843AABF}"
	ProjectSection(SolutionItems) = preProject
		otel-collector-config.yaml = otel-collector-config.yaml
	EndProjectSection
EndProject
Project("{FAE04EC0-301F-11D3-BF4B-00C04F79EFBC}") = "ServiceA", "ServiceA\ServiceA.csproj", "{B29E2E06-F557-4A48-BE7D-CD4C074B2B84}"
EndProject
Project("{FAE04EC0-301F-11D3-BF4B-00C04F79EFBC}") = "ServiceB", "ServiceB\ServiceB.csproj", "{4C024F13-3F06-46AA-8207-26B86CD0C8BF}"
EndProject
Global
	GlobalSection(SolutionConfigurationPlatforms) = preSolution
		Debug|Any CPU = Debug|Any CPU
		Release|Any CPU = Release|Any CPU
	EndGlobalSection
	GlobalSection(ProjectConfigurationPlatforms) = postSolution
		{F6DE3E01-0616-4C81-AFD6-09D16DC5B195}.Debug|Any CPU.ActiveCfg = Debug|Any CPU
		{F6DE3E01-0616-4C81-AFD6-09D16DC5B195}.Debug|Any CPU.Build.0 = Debug|Any CPU
		{F6DE3E01-0616-4C81-AFD6-09D16DC5B195}.Release|Any CPU.ActiveCfg = Release|Any CPU
		{F6DE3E01-0616-4C81-AFD6-09D16DC5B195}.Release|Any CPU.Build.0 = Release|Any CPU
		{06280B95-2FBA-425D-BCC1-39F2BD75F086}.Debug|Any CPU.ActiveCfg = Debug|Any CPU
		{06280B95-2FBA-425D-BCC1-39F2BD75F086}.Debug|Any CPU.Build.0 = Debug|Any CPU
		{06280B95-2FBA-425D-BCC1-39F2BD75F086}.Release|Any CPU.ActiveCfg = Release|Any CPU
		{06280B95-2FBA-425D-BCC1-39F2BD75F086}.Release|Any CPU.Build.0 = Release|Any CPU
		{A31C661B-CECC-4F95-AB5F-935F420E6A21}.Debug|Any CPU.ActiveCfg = Debug|Any CPU
		{A31C661B-CECC-4F95-AB5F-935F420E6A21}.Debug|Any CPU.Build.0 = Debug|Any CPU
		{A31C661B-CECC-4F95-AB5F-935F420E6A21}.Release|Any CPU.ActiveCfg = Release|Any CPU
		{A31C661B-CECC-4F95-AB5F-935F420E6A21}.Release|Any CPU.Build.0 = Release|Any CPU
		{2D860655-B32D-415E-AE8E-EF1CB1B9F40D}.Debug|Any CPU.ActiveCfg = Debug|Any CPU
		{2D860655-B32D-415E-AE8E-EF1CB1B9F40D}.Debug|Any CPU.Build.0 = Debug|Any CPU
		{2D860655-B32D-415E-AE8E-EF1CB1B9F40D}.Release|Any CPU.ActiveCfg = Release|Any CPU
		{2D860655-B32D-415E-AE8E-EF1CB1B9F40D}.Release|Any CPU.Build.0 = Release|Any CPU
		{33C93809-A3BA-A53E-1638-3EAFD87B3243}.Debug|Any CPU.ActiveCfg = Debug|Any CPU
		{33C93809-A3BA-A53E-1638-3EAFD87B3243}.Debug|Any CPU.Build.0 = Debug|Any CPU
		{33C93809-A3BA-A53E-1638-3EAFD87B3243}.Debug|Any CPU.Deploy.0 = Debug|Any CPU
		{33C93809-A3BA-A53E-1638-3EAFD87B3243}.Release|Any CPU.ActiveCfg = Release|Any CPU
		{33C93809-A3BA-A53E-1638-3EAFD87B3243}.Release|Any CPU.Build.0 = Release|Any CPU
		{33C93809-A3BA-A53E-1638-3EAFD87B3243}.Release|Any CPU.Deploy.0 = Release|Any CPU
		{F29EDA9A-B0E6-4813-8E03-5E4A4BDF4318}.Debug|Any CPU.ActiveCfg = Debug|Any CPU
		{F29EDA9A-B0E6-4813-8E03-5E4A4BDF4318}.Debug|Any CPU.Build.0 = Debug|Any CPU
		{F29EDA9A-B0E6-4813-8E03-5E4A4BDF4318}.Release|Any CPU.ActiveCfg = Release|Any CPU
		{F29EDA9A-B0E6-4813-8E03-5E4A4BDF4318}.Release|Any CPU.Build.0 = Release|Any CPU
		{E8B3A6D0-6CD9-4031-88B9-056B89FAF96D}.Debug|Any CPU.ActiveCfg = Debug|Any CPU
		{E8B3A6D0-6CD9-4031-88B9-056B89FAF96D}.Debug|Any CPU.Build.0 = Debug|Any CPU
		{E8B3A6D0-6CD9-4031-88B9-056B89FAF96D}.Release|Any CPU.ActiveCfg = Release|Any CPU
		{E8B3A6D0-6CD9-4031-88B9-056B89FAF96D}.Release|Any CPU.Build.0 = Release|Any CPU
		{B610B2DB-C0A9-4792-B651-94482F185A6E}.Debug|Any CPU.ActiveCfg = Debug|Any CPU
		{B610B2DB-C0A9-4792-B651-94482F185A6E}.Debug|Any CPU.Build.0 = Debug|Any CPU
		{B610B2DB-C0A9-4792-B651-94482F185A6E}.Release|Any CPU.ActiveCfg = Release|Any CPU
		{B610B2DB-C0A9-4792-B651-94482F185A6E}.Release|Any CPU.Build.0 = Release|Any CPU
		{C21429B6-3CC0-4485-9B08-78F512970707}.Debug|Any CPU.ActiveCfg = Debug|Any CPU
		{C21429B6-3CC0-4485-9B08-78F512970707}.Debug|Any CPU.Build.0 = Debug|Any CPU
		{C21429B6-3CC0-4485-9B08-78F512970707}.Release|Any CPU.ActiveCfg = Release|Any CPU
		{C21429B6-3CC0-4485-9B08-78F512970707}.Release|Any CPU.Build.0 = Release|Any CPU
		{A140E3AA-8748-4F04-921F-8425E8F65A5F}.Debug|Any CPU.ActiveCfg = Debug|Any CPU
		{A140E3AA-8748-4F04-921F-8425E8F65A5F}.Debug|Any CPU.Build.0 = Debug|Any CPU
		{A140E3AA-8748-4F04-921F-8425E8F65A5F}.Release|Any CPU.ActiveCfg = Release|Any CPU
		{A140E3AA-8748-4F04-921F-8425E8F65A5F}.Release|Any CPU.Build.0 = Release|Any CPU
		{69732749-42F4-411C-9AFD-0E092CB5615B}.Debug|Any CPU.ActiveCfg = Debug|Any CPU
		{69732749-42F4-411C-9AFD-0E092CB5615B}.Debug|Any CPU.Build.0 = Debug|Any CPU
		{69732749-42F4-411C-9AFD-0E092CB5615B}.Release|Any CPU.ActiveCfg = Release|Any CPU
		{69732749-42F4-411C-9AFD-0E092CB5615B}.Release|Any CPU.Build.0 = Release|Any CPU
		{A93E408F-0861-C599-4CA6-01CC9BAFEF9A}.Debug|Any CPU.ActiveCfg = Debug|Any CPU
		{A93E408F-0861-C599-4CA6-01CC9BAFEF9A}.Debug|Any CPU.Build.0 = Debug|Any CPU
		{A93E408F-0861-C599-4CA6-01CC9BAFEF9A}.Release|Any CPU.ActiveCfg = Release|Any CPU
		{A93E408F-0861-C599-4CA6-01CC9BAFEF9A}.Release|Any CPU.Build.0 = Release|Any CPU
		{B29E2E06-F557-4A48-BE7D-CD4C074B2B84}.Debug|Any CPU.ActiveCfg = Debug|Any CPU
		{B29E2E06-F557-4A48-BE7D-CD4C074B2B84}.Debug|Any CPU.Build.0 = Debug|Any CPU
		{B29E2E06-F557-4A48-BE7D-CD4C074B2B84}.Release|Any CPU.ActiveCfg = Release|Any CPU
		{B29E2E06-F557-4A48-BE7D-CD4C074B2B84}.Release|Any CPU.Build.0 = Release|Any CPU
		{4C024F13-3F06-46AA-8207-26B86CD0C8BF}.Debug|Any CPU.ActiveCfg = Debug|Any CPU
		{4C024F13-3F06-46AA-8207-26B86CD0C8BF}.Debug|Any CPU.Build.0 = Debug|Any CPU
		{4C024F13-3F06-46AA-8207-26B86CD0C8BF}.Release|Any CPU.ActiveCfg = Release|Any CPU
		{4C024F13-3F06-46AA-8207-26B86CD0C8BF}.Release|Any CPU.Build.0 = Release|Any CPU
	EndGlobalSection
	GlobalSection(SolutionProperties) = preSolution
		HideSolutionNode = FALSE
	EndGlobalSection
	GlobalSection(NestedProjects) = preSolution
		{69732749-42F4-411C-9AFD-0E092CB5615B} = {02EA681E-C7D8-13C7-8484-4AC65E1B71E8}
		{A93E408F-0861-C599-4CA6-01CC9BAFEF9A} = {02EA681E-C7D8-13C7-8484-4AC65E1B71E8}
		{568F30BF-0D50-49DF-BAAA-415B49334712} = {02EA681E-C7D8-13C7-8484-4AC65E1B71E8}
		{8DA36157-18F7-458E-AC21-35402843AABF} = {DA7DC945-04E8-4980-A5F4-0744DEE3B54A}
		{B29E2E06-F557-4A48-BE7D-CD4C074B2B84} = {DA7DC945-04E8-4980-A5F4-0744DEE3B54A}
		{4C024F13-3F06-46AA-8207-26B86CD0C8BF} = {DA7DC945-04E8-4980-A5F4-0744DEE3B54A}
	EndGlobalSection
	GlobalSection(ExtensibilityGlobals) = postSolution
		SolutionGuid = {93BF9D78-1C39-4912-8A57-B8F130C8EEAE}
	EndGlobalSection
EndGlobal
